{
  "name": "morpion",
  "version": "1.0.0",
  "lockfileVersion": 1,
  "requires": true,
  "dependencies": {
    "ev3dev-lang": {
      "version": "1.0.0",
      "resolved": "https://registry.npmjs.org/ev3dev-lang/-/ev3dev-lang-1.0.0.tgz",
      "integrity": "sha1-amLmmydu4oc1JgKPvn8J43Tnfi0=",
      "dev": true
    },
    "promise-polyfill": {
      "version": "8.1.3",
      "resolved": "https://registry.npmjs.org/promise-polyfill/-/promise-polyfill-8.1.3.tgz",
      "integrity": "sha512-MG5r82wBzh7pSKDRa9y+vllNHz3e3d4CNj1PQE4BQYxLme0gKYYBm9YENq+UkEikyZ0XbiGWxYlVw3Rl9O/U8g=="
    }
  }
}
