{
  "name": "morpion",
  "version": "1.0.0",
  "lockfileVersion": 1,
  "requires": true,
  "dependencies": {
    "ev3dev-lang": {
      "version": "1.0.0",
      "resolved": "https://registry.npmjs.org/ev3dev-lang/-/ev3dev-lang-1.0.0.tgz",
      "integrity": "sha1-amLmmydu4oc1JgKPvn8J43Tnfi0=",
      "dev": true
    }
  }
}
